
Microsoft Visual Studio Solution File, Format Version 12.00
# Visual Studio Version 17
VisualStudioVersion = 17.2.32616.157
MinimumVisualStudioVersion = 10.0.40219.1
Project("{9A19103F-16F7-4668-BE54-9A1E7A4F7556}") = "RaktaSewa", "RaktaSewa\RaktaSewa.csproj", "{8492554A-7F7F-455B-848E-881F74FAA38A}"
EndProject
Project("{FAE04EC0-301F-11D3-BF4B-00C04F79EFBC}") = "RaktaSewa.Data", "RaktaSewa.Data\RaktaSewa.Data.csproj", "{741F3D9E-093E-4A24-88AA-F259D997C43A}"
EndProject
Project("{FAE04EC0-301F-11D3-BF4B-00C04F79EFBC}") = "RaktaSewa.Models", "RaktaSewa.Models\RaktaSewa.Models.csproj", "{A790C036-3B5A-4A8E-A96D-2AA51AABC289}"
EndProject
Project("{FAE04EC0-301F-11D3-BF4B-00C04F79EFBC}") = "RaktaSewa.Repository", "RaktaSewa.Repository\RaktaSewa.Repository.csproj", "{2B8AFB8B-6BE2-4784-9D05-29B09BBBBB81}"
EndProject
Project("{FAE04EC0-301F-11D3-BF4B-00C04F79EFBC}") = "RaktaSewa.Services", "RaktaSewa.Services\RaktaSewa.Services.csproj", "{A99CAA60-DE4A-427F-943B-EE4A07FF5DC0}"
EndProject
Global
	GlobalSection(SolutionConfigurationPlatforms) = preSolution
		Debug|Any CPU = Debug|Any CPU
		Release|Any CPU = Release|Any CPU
	EndGlobalSection
	GlobalSection(ProjectConfigurationPlatforms) = postSolution
		{8492554A-7F7F-455B-848E-881F74FAA38A}.Debug|Any CPU.ActiveCfg = Debug|Any CPU
		{8492554A-7F7F-455B-848E-881F74FAA38A}.Debug|Any CPU.Build.0 = Debug|Any CPU
		{8492554A-7F7F-455B-848E-881F74FAA38A}.Release|Any CPU.ActiveCfg = Release|Any CPU
		{8492554A-7F7F-455B-848E-881F74FAA38A}.Release|Any CPU.Build.0 = Release|Any CPU
		{741F3D9E-093E-4A24-88AA-F259D997C43A}.Debug|Any CPU.ActiveCfg = Debug|Any CPU
		{741F3D9E-093E-4A24-88AA-F259D997C43A}.Debug|Any CPU.Build.0 = Debug|Any CPU
		{741F3D9E-093E-4A24-88AA-F259D997C43A}.Release|Any CPU.ActiveCfg = Release|Any CPU
		{741F3D9E-093E-4A24-88AA-F259D997C43A}.Release|Any CPU.Build.0 = Release|Any CPU
		{A790C036-3B5A-4A8E-A96D-2AA51AABC289}.Debug|Any CPU.ActiveCfg = Debug|Any CPU
		{A790C036-3B5A-4A8E-A96D-2AA51AABC289}.Debug|Any CPU.Build.0 = Debug|Any CPU
		{A790C036-3B5A-4A8E-A96D-2AA51AABC289}.Release|Any CPU.ActiveCfg = Release|Any CPU
		{A790C036-3B5A-4A8E-A96D-2AA51AABC289}.Release|Any CPU.Build.0 = Release|Any CPU
		{2B8AFB8B-6BE2-4784-9D05-29B09BBBBB81}.Debug|Any CPU.ActiveCfg = Debug|Any CPU
		{2B8AFB8B-6BE2-4784-9D05-29B09BBBBB81}.Debug|Any CPU.Build.0 = Debug|Any CPU
		{2B8AFB8B-6BE2-4784-9D05-29B09BBBBB81}.Release|Any CPU.ActiveCfg = Release|Any CPU
		{2B8AFB8B-6BE2-4784-9D05-29B09BBBBB81}.Release|Any CPU.Build.0 = Release|Any CPU
		{A99CAA60-DE4A-427F-943B-EE4A07FF5DC0}.Debug|Any CPU.ActiveCfg = Debug|Any CPU
		{A99CAA60-DE4A-427F-943B-EE4A07FF5DC0}.Debug|Any CPU.Build.0 = Debug|Any CPU
		{A99CAA60-DE4A-427F-943B-EE4A07FF5DC0}.Release|Any CPU.ActiveCfg = Release|Any CPU
		{A99CAA60-DE4A-427F-943B-EE4A07FF5DC0}.Release|Any CPU.Build.0 = Release|Any CPU
	EndGlobalSection
	GlobalSection(SolutionProperties) = preSolution
		HideSolutionNode = FALSE
	EndGlobalSection
	GlobalSection(ExtensibilityGlobals) = postSolution
		SolutionGuid = {011A6DB3-89D4-410C-801B-4BAA66FC6D75}
	EndGlobalSection
EndGlobal
